<?xml version="1.0" encoding="utf-8"?>
<Project ToolsVersion="4.0" xmlns="http://schemas.microsoft.com/developer/msbuild/2003">
  <ItemGroup>
    <CudaCompile Include="nn_kernel.cu" />
    <CudaCompile Include="hello_world.cu" />
  </ItemGroup>
  <ItemGroup>
    <ClCompile Include="nn.cpp" />
  </ItemGroup>
</Project>